
Microsoft Visual Studio Solution File, Format Version 12.00
# Visual Studio Version 17
VisualStudioVersion = 17.11.35201.85
MinimumVisualStudioVersion = 10.0.40219.1
Project("{888888A0-9F3D-457C-B088-3A5042F75D52}") = "ClaudeAssistant", "ClaudeAssistant.pyproj", "{1085DBB0-E7D1-4531-A4F1-B1E0F895C95B}"
EndProject
Global
	GlobalSection(SolutionConfigurationPlatforms) = preSolution
		Debug|Any CPU = Debug|Any CPU
		Release|Any CPU = Release|Any CPU
	EndGlobalSection
	GlobalSection(ProjectConfigurationPlatforms) = postSolution
		{1085DBB0-E7D1-4531-A4F1-B1E0F895C95B}.Debug|Any CPU.ActiveCfg = Debug|Any CPU
		{1085DBB0-E7D1-4531-A4F1-B1E0F895C95B}.Release|Any CPU.ActiveCfg = Release|Any CPU
	EndGlobalSection
	GlobalSection(SolutionProperties) = preSolution
		HideSolutionNode = FALSE
	EndGlobalSection
	GlobalSection(ExtensibilityGlobals) = postSolution
		SolutionGuid = {1948ED55-55CE-4326-8E06-81C4C91BCC8D}
	EndGlobalSection
EndGlobal
